
Microsoft Visual Studio Solution File, Format Version 12.00
# Visual Studio Version 17
VisualStudioVersion = 17.3.32901.215
MinimumVisualStudioVersion = 10.0.40219.1
Project("{FAE04EC0-301F-11D3-BF4B-00C04F79EFBC}") = "EC2_ejercicio1", "EC2\EC2_ejercicio1.csproj", "{E444DF1A-F971-4659-9F06-106673B5634C}"
EndProject
Global
	GlobalSection(SolutionConfigurationPlatforms) = preSolution
		Debug|Any CPU = Debug|Any CPU
		Release|Any CPU = Release|Any CPU
	EndGlobalSection
	GlobalSection(ProjectConfigurationPlatforms) = postSolution
		{E444DF1A-F971-4659-9F06-106673B5634C}.Debug|Any CPU.ActiveCfg = Debug|Any CPU
		{E444DF1A-F971-4659-9F06-106673B5634C}.Debug|Any CPU.Build.0 = Debug|Any CPU
		{E444DF1A-F971-4659-9F06-106673B5634C}.Release|Any CPU.ActiveCfg = Release|Any CPU
		{E444DF1A-F971-4659-9F06-106673B5634C}.Release|Any CPU.Build.0 = Release|Any CPU
	EndGlobalSection
	GlobalSection(SolutionProperties) = preSolution
		HideSolutionNode = FALSE
	EndGlobalSection
	GlobalSection(ExtensibilityGlobals) = postSolution
		SolutionGuid = {5A4C70EF-01FB-40C0-A813-1DCF4741DF11}
	EndGlobalSection
EndGlobal
